
Microsoft Visual Studio Solution File, Format Version 12.00
# Visual Studio 15
VisualStudioVersion = 15.0.28307.852
MinimumVisualStudioVersion = 10.0.40219.1
Project("{9A19103F-16F7-4668-BE54-9A1E7A4F7556}") = "testCrm.API", "testCrm.API.csproj", "{034758FF-049E-4BE3-9AC2-EB01C7479BA1}"
EndProject
Global
	GlobalSection(SolutionConfigurationPlatforms) = preSolution
		Debug|Any CPU = Debug|Any CPU
		Release|Any CPU = Release|Any CPU
	EndGlobalSection
	GlobalSection(ProjectConfigurationPlatforms) = postSolution
		{034758FF-049E-4BE3-9AC2-EB01C7479BA1}.Debug|Any CPU.ActiveCfg = Debug|Any CPU
		{034758FF-049E-4BE3-9AC2-EB01C7479BA1}.Debug|Any CPU.Build.0 = Debug|Any CPU
		{034758FF-049E-4BE3-9AC2-EB01C7479BA1}.Release|Any CPU.ActiveCfg = Release|Any CPU
		{034758FF-049E-4BE3-9AC2-EB01C7479BA1}.Release|Any CPU.Build.0 = Release|Any CPU
	EndGlobalSection
	GlobalSection(SolutionProperties) = preSolution
		HideSolutionNode = FALSE
	EndGlobalSection
	GlobalSection(ExtensibilityGlobals) = postSolution
		SolutionGuid = {3D96C0B8-DE4C-4C9C-BE61-AD52BF7DE380}
	EndGlobalSection
EndGlobal
